
Microsoft Visual Studio Solution File, Format Version 12.00
# Visual Studio Version 17
VisualStudioVersion = 17.5.002.0
MinimumVisualStudioVersion = 10.0.40219.1
Project("{9A19103F-16F7-4668-BE54-9A1E7A4F7556}") = "LINQ", "LINQ.csproj", "{4D440D7A-459F-4504-BE39-1908FBE3283F}"
EndProject
Global
	GlobalSection(SolutionConfigurationPlatforms) = preSolution
		Debug|Any CPU = Debug|Any CPU
		Release|Any CPU = Release|Any CPU
	EndGlobalSection
	GlobalSection(ProjectConfigurationPlatforms) = postSolution
		{4D440D7A-459F-4504-BE39-1908FBE3283F}.Debug|Any CPU.ActiveCfg = Debug|Any CPU
		{4D440D7A-459F-4504-BE39-1908FBE3283F}.Debug|Any CPU.Build.0 = Debug|Any CPU
		{4D440D7A-459F-4504-BE39-1908FBE3283F}.Release|Any CPU.ActiveCfg = Release|Any CPU
		{4D440D7A-459F-4504-BE39-1908FBE3283F}.Release|Any CPU.Build.0 = Release|Any CPU
	EndGlobalSection
	GlobalSection(SolutionProperties) = preSolution
		HideSolutionNode = FALSE
	EndGlobalSection
	GlobalSection(ExtensibilityGlobals) = postSolution
		SolutionGuid = {31DF3910-F70C-49B1-9B03-75DEAB1A3A9A}
	EndGlobalSection
EndGlobal
